
Microsoft Visual Studio Solution File, Format Version 12.00
# Visual Studio 14
VisualStudioVersion = 14.0.25420.1
MinimumVisualStudioVersion = 10.0.40219.1
Project("{8BC9CEB8-8B4A-11D0-8D11-00A0C91BC942}") = "11047_coin 0", "11047_coin 0\11047_coin 0.vcxproj", "{EDD2E3F0-1F9A-4292-B332-7BAE1E3C26D0}"
EndProject
Global
	GlobalSection(SolutionConfigurationPlatforms) = preSolution
		Debug|x64 = Debug|x64
		Debug|x86 = Debug|x86
		Release|x64 = Release|x64
		Release|x86 = Release|x86
	EndGlobalSection
	GlobalSection(ProjectConfigurationPlatforms) = postSolution
		{EDD2E3F0-1F9A-4292-B332-7BAE1E3C26D0}.Debug|x64.ActiveCfg = Debug|x64
		{EDD2E3F0-1F9A-4292-B332-7BAE1E3C26D0}.Debug|x64.Build.0 = Debug|x64
		{EDD2E3F0-1F9A-4292-B332-7BAE1E3C26D0}.Debug|x86.ActiveCfg = Debug|Win32
		{EDD2E3F0-1F9A-4292-B332-7BAE1E3C26D0}.Debug|x86.Build.0 = Debug|Win32
		{EDD2E3F0-1F9A-4292-B332-7BAE1E3C26D0}.Release|x64.ActiveCfg = Release|x64
		{EDD2E3F0-1F9A-4292-B332-7BAE1E3C26D0}.Release|x64.Build.0 = Release|x64
		{EDD2E3F0-1F9A-4292-B332-7BAE1E3C26D0}.Release|x86.ActiveCfg = Release|Win32
		{EDD2E3F0-1F9A-4292-B332-7BAE1E3C26D0}.Release|x86.Build.0 = Release|Win32
	EndGlobalSection
	GlobalSection(SolutionProperties) = preSolution
		HideSolutionNode = FALSE
	EndGlobalSection
EndGlobal
